// !$*UTF8*$!
{
	archiveVersion = 1;
	classes = {
	};
	objectVersion = 56;
	objects = {

/* Begin PBXBuildFile section */
		538A84DC2A9D08CC0095F5A7 /* transylvanian_tomeApp.swift in Sources */ = {isa = PBXBuildFile; fileRef = 538A84DB2A9D08CC0095F5A7 /* transylvanian_tomeApp.swift */; };
		538A84DE2A9D08CC0095F5A7 /* HomeView.swift in Sources */ = {isa = PBXBuildFile; fileRef = 538A84DD2A9D08CC0095F5A7 /* HomeView.swift */; };
		538A84E02A9D08CC0095F5A7 /* Assets.xcassets in Resources */ = {isa = PBXBuildFile; fileRef = 538A84DF2A9D08CC0095F5A7 /* Assets.xcassets */; };
		538A84E32A9D08CC0095F5A7 /* Preview Assets.xcassets in Resources */ = {isa = PBXBuildFile; fileRef = 538A84E22A9D08CC0095F5A7 /* Preview Assets.xcassets */; };
		53A9DF952A9E2ECC0047602C /* GoogleService-Info.plist in Resources */ = {isa = PBXBuildFile; fileRef = 53A9DF942A9E2ECC0047602C /* GoogleService-Info.plist */; };
		53A9DF982A9E2F410047602C /* FirebaseAnalytics in Frameworks */ = {isa = PBXBuildFile; productRef = 53A9DF972A9E2F410047602C /* FirebaseAnalytics */; };
		53A9DF9A2A9E2F410047602C /* FirebaseFirestore in Frameworks */ = {isa = PBXBuildFile; productRef = 53A9DF992A9E2F410047602C /* FirebaseFirestore */; };
		53A9DF9C2A9E2F410047602C /* FirebaseFirestoreSwift in Frameworks */ = {isa = PBXBuildFile; productRef = 53A9DF9B2A9E2F410047602C /* FirebaseFirestoreSwift */; };
		53A9DF9E2A9E5F360047602C /* FirestoreService.swift in Sources */ = {isa = PBXBuildFile; fileRef = 53A9DF9D2A9E5F360047602C /* FirestoreService.swift */; };
		53A9DFA22A9F99C10047602C /* monsters.json in Resources */ = {isa = PBXBuildFile; fileRef = 53A9DFA12A9F99C10047602C /* monsters.json */; };
		53A9DFA42A9FA5C10047602C /* MonsterListViewModel.swift in Sources */ = {isa = PBXBuildFile; fileRef = 53A9DFA32A9FA5C10047602C /* MonsterListViewModel.swift */; };
		53A9DFA62A9FA87A0047602C /* TempAddMonsters.swift in Sources */ = {isa = PBXBuildFile; fileRef = 53A9DFA52A9FA87A0047602C /* TempAddMonsters.swift */; };
		53D257B22A9D7F68009B3990 /* Monster.swift in Sources */ = {isa = PBXBuildFile; fileRef = 53D257B12A9D7F68009B3990 /* Monster.swift */; };
/* End PBXBuildFile section */

/* Begin PBXFileReference section */
		538A84D82A9D08CC0095F5A7 /* transylvanian-tome.app */ = {isa = PBXFileReference; explicitFileType = wrapper.application; includeInIndex = 0; path = "transylvanian-tome.app"; sourceTree = BUILT_PRODUCTS_DIR; };
		538A84DB2A9D08CC0095F5A7 /* transylvanian_tomeApp.swift */ = {isa = PBXFileReference; lastKnownFileType = sourcecode.swift; path = transylvanian_tomeApp.swift; sourceTree = "<group>"; };
		538A84DD2A9D08CC0095F5A7 /* HomeView.swift */ = {isa = PBXFileReference; lastKnownFileType = sourcecode.swift; path = HomeView.swift; sourceTree = "<group>"; };
		538A84DF2A9D08CC0095F5A7 /* Assets.xcassets */ = {isa = PBXFileReference; lastKnownFileType = folder.assetcatalog; path = Assets.xcassets; sourceTree = "<group>"; };
		538A84E22A9D08CC0095F5A7 /* Preview Assets.xcassets */ = {isa = PBXFileReference; lastKnownFileType = folder.assetcatalog; path = "Preview Assets.xcassets"; sourceTree = "<group>"; };
		53A9DF942A9E2ECC0047602C /* GoogleService-Info.plist */ = {isa = PBXFileReference; fileEncoding = 4; lastKnownFileType = text.plist.xml; name = "GoogleService-Info.plist"; path = "../../../Downloads/GoogleService-Info.plist"; sourceTree = "<group>"; };
		53A9DF9D2A9E5F360047602C /* FirestoreService.swift */ = {isa = PBXFileReference; lastKnownFileType = sourcecode.swift; path = FirestoreService.swift; sourceTree = "<group>"; };
		53A9DFA12A9F99C10047602C /* monsters.json */ = {isa = PBXFileReference; lastKnownFileType = text.json; path = monsters.json; sourceTree = "<group>"; };
		53A9DFA32A9FA5C10047602C /* MonsterListViewModel.swift */ = {isa = PBXFileReference; lastKnownFileType = sourcecode.swift; path = MonsterListViewModel.swift; sourceTree = "<group>"; };
		53A9DFA52A9FA87A0047602C /* TempAddMonsters.swift */ = {isa = PBXFileReference; lastKnownFileType = sourcecode.swift; path = TempAddMonsters.swift; sourceTree = "<group>"; };
		53D257B12A9D7F68009B3990 /* Monster.swift */ = {isa = PBXFileReference; lastKnownFileType = sourcecode.swift; path = Monster.swift; sourceTree = "<group>"; };
/* End PBXFileReference section */

/* Begin PBXFrameworksBuildPhase section */
		538A84D52A9D08CC0095F5A7 /* Frameworks */ = {
			isa = PBXFrameworksBuildPhase;
			buildActionMask = 2147483647;
			files = (
				53A9DF982A9E2F410047602C /* FirebaseAnalytics in Frameworks */,
				53A9DF9A2A9E2F410047602C /* FirebaseFirestore in Frameworks */,
				53A9DF9C2A9E2F410047602C /* FirebaseFirestoreSwift in Frameworks */,
			);
			runOnlyForDeploymentPostprocessing = 0;
		};
/* End PBXFrameworksBuildPhase section */

/* Begin PBXGroup section */
		538A84CF2A9D08CC0095F5A7 = {
			isa = PBXGroup;
			children = (
				538A84DA2A9D08CC0095F5A7 /* transylvanian-tome */,
				538A84D92A9D08CC0095F5A7 /* Products */,
			);
			sourceTree = "<group>";
		};
		538A84D92A9D08CC0095F5A7 /* Products */ = {
			isa = PBXGroup;
			children = (
				538A84D82A9D08CC0095F5A7 /* transylvanian-tome.app */,
			);
			name = Products;
			sourceTree = "<group>";
		};
		538A84DA2A9D08CC0095F5A7 /* transylvanian-tome */ = {
			isa = PBXGroup;
			children = (
				53D257A32A9D78AF009B3990 /* Models */,
				53D257A42A9D78B8009B3990 /* Views */,
				53D257A72A9D7C7B009B3990 /* ViewModels */,
				53D257A82A9D7C95009B3990 /* Services */,
				53A9DFA72A9FB11F0047602C /* Data */,
				53D257A92A9D7C9D009B3990 /* Helpers */,
				53A9DF942A9E2ECC0047602C /* GoogleService-Info.plist */,
				538A84DB2A9D08CC0095F5A7 /* transylvanian_tomeApp.swift */,
				538A84DF2A9D08CC0095F5A7 /* Assets.xcassets */,
				538A84E12A9D08CC0095F5A7 /* Preview Content */,
			);
			path = "transylvanian-tome";
			sourceTree = "<group>";
		};
		538A84E12A9D08CC0095F5A7 /* Preview Content */ = {
			isa = PBXGroup;
			children = (
				538A84E22A9D08CC0095F5A7 /* Preview Assets.xcassets */,
			);
			path = "Preview Content";
			sourceTree = "<group>";
		};
		53A9DFA72A9FB11F0047602C /* Data */ = {
			isa = PBXGroup;
			children = (
				53A9DFA12A9F99C10047602C /* monsters.json */,
			);
			path = Data;
			sourceTree = "<group>";
		};
		53D257A32A9D78AF009B3990 /* Models */ = {
			isa = PBXGroup;
			children = (
				53D257AA2A9D7EC9009B3990 /* Characters */,
			);
			path = Models;
			sourceTree = "<group>";
		};
		53D257A42A9D78B8009B3990 /* Views */ = {
			isa = PBXGroup;
			children = (
				538A84DD2A9D08CC0095F5A7 /* HomeView.swift */,
				53A9DFA52A9FA87A0047602C /* TempAddMonsters.swift */,
			);
			path = Views;
			sourceTree = "<group>";
		};
		53D257A72A9D7C7B009B3990 /* ViewModels */ = {
			isa = PBXGroup;
			children = (
				53A9DFA32A9FA5C10047602C /* MonsterListViewModel.swift */,
			);
			path = ViewModels;
			sourceTree = "<group>";
		};
		53D257A82A9D7C95009B3990 /* Services */ = {
			isa = PBXGroup;
			children = (
				53A9DF9D2A9E5F360047602C /* FirestoreService.swift */,
			);
			path = Services;
			sourceTree = "<group>";
		};
		53D257A92A9D7C9D009B3990 /* Helpers */ = {
			isa = PBXGroup;
			children = (
			);
			path = Helpers;
			sourceTree = "<group>";
		};
		53D257AA2A9D7EC9009B3990 /* Characters */ = {
			isa = PBXGroup;
			children = (
				53D257B12A9D7F68009B3990 /* Monster.swift */,
			);
			path = Characters;
			sourceTree = "<group>";
		};
/* End PBXGroup section */

/* Begin PBXNativeTarget section */
		538A84D72A9D08CC0095F5A7 /* transylvanian-tome */ = {
			isa = PBXNativeTarget;
			buildConfigurationList = 538A84E62A9D08CC0095F5A7 /* Build configuration list for PBXNativeTarget "transylvanian-tome" */;
			buildPhases = (
				538A84D42A9D08CC0095F5A7 /* Sources */,
				538A84D52A9D08CC0095F5A7 /* Frameworks */,
				538A84D62A9D08CC0095F5A7 /* Resources */,
			);
			buildRules = (
			);
			dependencies = (
			);
			name = "transylvanian-tome";
			packageProductDependencies = (
				53A9DF972A9E2F410047602C /* FirebaseAnalytics */,
				53A9DF992A9E2F410047602C /* FirebaseFirestore */,
				53A9DF9B2A9E2F410047602C /* FirebaseFirestoreSwift */,
			);
			productName = "transylvanian-tome";
			productReference = 538A84D82A9D08CC0095F5A7 /* transylvanian-tome.app */;
			productType = "com.apple.product-type.application";
		};
/* End PBXNativeTarget section */

/* Begin PBXProject section */
		538A84D02A9D08CC0095F5A7 /* Project object */ = {
			isa = PBXProject;
			attributes = {
				BuildIndependentTargetsInParallel = 1;
				LastSwiftUpdateCheck = 1430;
				LastUpgradeCheck = 1430;
				TargetAttributes = {
					538A84D72A9D08CC0095F5A7 = {
						CreatedOnToolsVersion = 14.3.1;
					};
				};
			};
			buildConfigurationList = 538A84D32A9D08CC0095F5A7 /* Build configuration list for PBXProject "transylvanian-tome" */;
			compatibilityVersion = "Xcode 14.0";
			developmentRegion = en;
			hasScannedForEncodings = 0;
			knownRegions = (
				en,
				Base,
			);
			mainGroup = 538A84CF2A9D08CC0095F5A7;
			packageReferences = (
				53A9DF962A9E2F410047602C /* XCRemoteSwiftPackageReference "firebase-ios-sdk" */,
			);
			productRefGroup = 538A84D92A9D08CC0095F5A7 /* Products */;
			projectDirPath = "";
			projectRoot = "";
			targets = (
				538A84D72A9D08CC0095F5A7 /* transylvanian-tome */,
			);
		};
/* End PBXProject section */

/* Begin PBXResourcesBuildPhase section */
		538A84D62A9D08CC0095F5A7 /* Resources */ = {
			isa = PBXResourcesBuildPhase;
			buildActionMask = 2147483647;
			files = (
				53A9DFA22A9F99C10047602C /* monsters.json in Resources */,
				538A84E32A9D08CC0095F5A7 /* Preview Assets.xcassets in Resources */,
				538A84E02A9D08CC0095F5A7 /* Assets.xcassets in Resources */,
				53A9DF952A9E2ECC0047602C /* GoogleService-Info.plist in Resources */,
			);
			runOnlyForDeploymentPostprocessing = 0;
		};
/* End PBXResourcesBuildPhase section */

/* Begin PBXSourcesBuildPhase section */
		538A84D42A9D08CC0095F5A7 /* Sources */ = {
			isa = PBXSourcesBuildPhase;
			buildActionMask = 2147483647;
			files = (
				53A9DF9E2A9E5F360047602C /* FirestoreService.swift in Sources */,
				53D257B22A9D7F68009B3990 /* Monster.swift in Sources */,
				538A84DE2A9D08CC0095F5A7 /* HomeView.swift in Sources */,
				53A9DFA42A9FA5C10047602C /* MonsterListViewModel.swift in Sources */,
				538A84DC2A9D08CC0095F5A7 /* transylvanian_tomeApp.swift in Sources */,
				53A9DFA62A9FA87A0047602C /* TempAddMonsters.swift in Sources */,
			);
			runOnlyForDeploymentPostprocessing = 0;
		};
/* End PBXSourcesBuildPhase section */

/* Begin XCBuildConfiguration section */
		538A84E42A9D08CC0095F5A7 /* Debug */ = {
			isa = XCBuildConfiguration;
			buildSettings = {
				ALWAYS_SEARCH_USER_PATHS = NO;
				CLANG_ANALYZER_NONNULL = YES;
				CLANG_ANALYZER_NUMBER_OBJECT_CONVERSION = YES_AGGRESSIVE;
				CLANG_CXX_LANGUAGE_STANDARD = "gnu++20";
				CLANG_ENABLE_MODULES = YES;
				CLANG_ENABLE_OBJC_ARC = YES;
				CLANG_ENABLE_OBJC_WEAK = YES;
				CLANG_WARN_BLOCK_CAPTURE_AUTORELEASING = YES;
				CLANG_WARN_BOOL_CONVERSION = YES;
				CLANG_WARN_COMMA = YES;
				CLANG_WARN_CONSTANT_CONVERSION = YES;
				CLANG_WARN_DEPRECATED_OBJC_IMPLEMENTATIONS = YES;
				CLANG_WARN_DIRECT_OBJC_ISA_USAGE = YES_ERROR;
				CLANG_WARN_DOCUMENTATION_COMMENTS = YES;
				CLANG_WARN_EMPTY_BODY = YES;
				CLANG_WARN_ENUM_CONVERSION = YES;
				CLANG_WARN_INFINITE_RECURSION = YES;
				CLANG_WARN_INT_CONVERSION = YES;
				CLANG_WARN_NON_LITERAL_NULL_CONVERSION = YES;
				CLANG_WARN_OBJC_IMPLICIT_RETAIN_SELF = YES;
				CLANG_WARN_OBJC_LITERAL_CONVERSION = YES;
				CLANG_WARN_OBJC_ROOT_CLASS = YES_ERROR;
				CLANG_WARN_QUOTED_INCLUDE_IN_FRAMEWORK_HEADER = YES;
				CLANG_WARN_RANGE_LOOP_ANALYSIS = YES;
				CLANG_WARN_STRICT_PROTOTYPES = YES;
				CLANG_WARN_SUSPICIOUS_MOVE = YES;
				CLANG_WARN_UNGUARDED_AVAILABILITY = YES_AGGRESSIVE;
				CLANG_WARN_UNREACHABLE_CODE = YES;
				CLANG_WARN__DUPLICATE_METHOD_MATCH = YES;
				COPY_PHASE_STRIP = NO;
				DEBUG_INFORMATION_FORMAT = dwarf;
				ENABLE_STRICT_OBJC_MSGSEND = YES;
				ENABLE_TESTABILITY = YES;
				GCC_C_LANGUAGE_STANDARD = gnu11;
				GCC_DYNAMIC_NO_PIC = NO;
				GCC_NO_COMMON_BLOCKS = YES;
				GCC_OPTIMIZATION_LEVEL = 0;
				GCC_PREPROCESSOR_DEFINITIONS = (
					"DEBUG=1",
					"$(inherited)",
				);
				GCC_WARN_64_TO_32_BIT_CONVERSION = YES;
				GCC_WARN_ABOUT_RETURN_TYPE = YES_ERROR;
				GCC_WARN_UNDECLARED_SELECTOR = YES;
				GCC_WARN_UNINITIALIZED_AUTOS = YES_AGGRESSIVE;
				GCC_WARN_UNUSED_FUNCTION = YES;
				GCC_WARN_UNUSED_VARIABLE = YES;
				IPHONEOS_DEPLOYMENT_TARGET = 16.4;
				MTL_ENABLE_DEBUG_INFO = INCLUDE_SOURCE;
				MTL_FAST_MATH = YES;
				ONLY_ACTIVE_ARCH = YES;
				SDKROOT = iphoneos;
				SWIFT_ACTIVE_COMPILATION_CONDITIONS = DEBUG;
				SWIFT_OPTIMIZATION_LEVEL = "-Onone";
			};
			name = Debug;
		};
		538A84E52A9D08CC0095F5A7 /* Release */ = {
			isa = XCBuildConfiguration;
			buildSettings = {
				ALWAYS_SEARCH_USER_PATHS = NO;
				CLANG_ANALYZER_NONNULL = YES;
				CLANG_ANALYZER_NUMBER_OBJECT_CONVERSION = YES_AGGRESSIVE;
				CLANG_CXX_LANGUAGE_STANDARD = "gnu++20";
				CLANG_ENABLE_MODULES = YES;
				CLANG_ENABLE_OBJC_ARC = YES;
				CLANG_ENABLE_OBJC_WEAK = YES;
				CLANG_WARN_BLOCK_CAPTURE_AUTORELEASING = YES;
				CLANG_WARN_BOOL_CONVERSION = YES;
				CLANG_WARN_COMMA = YES;
				CLANG_WARN_CONSTANT_CONVERSION = YES;
				CLANG_WARN_DEPRECATED_OBJC_IMPLEMENTATIONS = YES;
				CLANG_WARN_DIRECT_OBJC_ISA_USAGE = YES_ERROR;
				CLANG_WARN_DOCUMENTATION_COMMENTS = YES;
				CLANG_WARN_EMPTY_BODY = YES;
				CLANG_WARN_ENUM_CONVERSION = YES;
				CLANG_WARN_INFINITE_RECURSION = YES;
				CLANG_WARN_INT_CONVERSION = YES;
				CLANG_WARN_NON_LITERAL_NULL_CONVERSION = YES;
				CLANG_WARN_OBJC_IMPLICIT_RETAIN_SELF = YES;
				CLANG_WARN_OBJC_LITERAL_CONVERSION = YES;
				CLANG_WARN_OBJC_ROOT_CLASS = YES_ERROR;
				CLANG_WARN_QUOTED_INCLUDE_IN_FRAMEWORK_HEADER = YES;
				CLANG_WARN_RANGE_LOOP_ANALYSIS = YES;
				CLANG_WARN_STRICT_PROTOTYPES = YES;
				CLANG_WARN_SUSPICIOUS_MOVE = YES;
				CLANG_WARN_UNGUARDED_AVAILABILITY = YES_AGGRESSIVE;
				CLANG_WARN_UNREACHABLE_CODE = YES;
				CLANG_WARN__DUPLICATE_METHOD_MATCH = YES;
				COPY_PHASE_STRIP = NO;
				DEBUG_INFORMATION_FORMAT = "dwarf-with-dsym";
				ENABLE_NS_ASSERTIONS = NO;
				ENABLE_STRICT_OBJC_MSGSEND = YES;
				GCC_C_LANGUAGE_STANDARD = gnu11;
				GCC_NO_COMMON_BLOCKS = YES;
				GCC_WARN_64_TO_32_BIT_CONVERSION = YES;
				GCC_WARN_ABOUT_RETURN_TYPE = YES_ERROR;
				GCC_WARN_UNDECLARED_SELECTOR = YES;
				GCC_WARN_UNINITIALIZED_AUTOS = YES_AGGRESSIVE;
				GCC_WARN_UNUSED_FUNCTION = YES;
				GCC_WARN_UNUSED_VARIABLE = YES;
				IPHONEOS_DEPLOYMENT_TARGET = 16.4;
				MTL_ENABLE_DEBUG_INFO = NO;
				MTL_FAST_MATH = YES;
				SDKROOT = iphoneos;
				SWIFT_COMPILATION_MODE = wholemodule;
				SWIFT_OPTIMIZATION_LEVEL = "-O";
				VALIDATE_PRODUCT = YES;
			};
			name = Release;
		};
		538A84E72A9D08CC0095F5A7 /* Debug */ = {
			isa = XCBuildConfiguration;
			buildSettings = {
				ASSETCATALOG_COMPILER_APPICON_NAME = AppIcon;
				ASSETCATALOG_COMPILER_GLOBAL_ACCENT_COLOR_NAME = AccentColor;
				CODE_SIGN_STYLE = Automatic;
				CURRENT_PROJECT_VERSION = 1;
				DEVELOPMENT_ASSET_PATHS = "\"transylvanian-tome/Preview Content\"";
				DEVELOPMENT_TEAM = DBUR2KQ6W4;
				ENABLE_PREVIEWS = YES;
				GENERATE_INFOPLIST_FILE = YES;
				INFOPLIST_KEY_UIApplicationSceneManifest_Generation = YES;
				INFOPLIST_KEY_UIApplicationSupportsIndirectInputEvents = YES;
				INFOPLIST_KEY_UILaunchScreen_Generation = YES;
				INFOPLIST_KEY_UISupportedInterfaceOrientations_iPad = "UIInterfaceOrientationPortrait UIInterfaceOrientationPortraitUpsideDown UIInterfaceOrientationLandscapeLeft UIInterfaceOrientationLandscapeRight";
				INFOPLIST_KEY_UISupportedInterfaceOrientations_iPhone = "UIInterfaceOrientationPortrait UIInterfaceOrientationLandscapeLeft UIInterfaceOrientationLandscapeRight";
				LD_RUNPATH_SEARCH_PATHS = (
					"$(inherited)",
					"@executable_path/Frameworks",
				);
				MARKETING_VERSION = 1.0;
				PRODUCT_BUNDLE_IDENTIFIER = "com.blahablast.transylvanian-tome";
				PRODUCT_NAME = "$(TARGET_NAME)";
				SWIFT_EMIT_LOC_STRINGS = YES;
				SWIFT_VERSION = 5.0;
				TARGETED_DEVICE_FAMILY = "1,2";
			};
			name = Debug;
		};
		538A84E82A9D08CC0095F5A7 /* Release */ = {
			isa = XCBuildConfiguration;
			buildSettings = {
				ASSETCATALOG_COMPILER_APPICON_NAME = AppIcon;
				ASSETCATALOG_COMPILER_GLOBAL_ACCENT_COLOR_NAME = AccentColor;
				CODE_SIGN_STYLE = Automatic;
				CURRENT_PROJECT_VERSION = 1;
				DEVELOPMENT_ASSET_PATHS = "\"transylvanian-tome/Preview Content\"";
				DEVELOPMENT_TEAM = DBUR2KQ6W4;
				ENABLE_PREVIEWS = YES;
				GENERATE_INFOPLIST_FILE = YES;
				INFOPLIST_KEY_UIApplicationSceneManifest_Generation = YES;
				INFOPLIST_KEY_UIApplicationSupportsIndirectInputEvents = YES;
				INFOPLIST_KEY_UILaunchScreen_Generation = YES;
				INFOPLIST_KEY_UISupportedInterfaceOrientations_iPad = "UIInterfaceOrientationPortrait UIInterfaceOrientationPortraitUpsideDown UIInterfaceOrientationLandscapeLeft UIInterfaceOrientationLandscapeRight";
				INFOPLIST_KEY_UISupportedInterfaceOrientations_iPhone = "UIInterfaceOrientationPortrait UIInterfaceOrientationLandscapeLeft UIInterfaceOrientationLandscapeRight";
				LD_RUNPATH_SEARCH_PATHS = (
					"$(inherited)",
					"@executable_path/Frameworks",
				);
				MARKETING_VERSION = 1.0;
				PRODUCT_BUNDLE_IDENTIFIER = "com.blahablast.transylvanian-tome";
				PRODUCT_NAME = "$(TARGET_NAME)";
				SWIFT_EMIT_LOC_STRINGS = YES;
				SWIFT_VERSION = 5.0;
				TARGETED_DEVICE_FAMILY = "1,2";
			};
			name = Release;
		};
/* End XCBuildConfiguration section */

/* Begin XCConfigurationList section */
		538A84D32A9D08CC0095F5A7 /* Build configuration list for PBXProject "transylvanian-tome" */ = {
			isa = XCConfigurationList;
			buildConfigurations = (
				538A84E42A9D08CC0095F5A7 /* Debug */,
				538A84E52A9D08CC0095F5A7 /* Release */,
			);
			defaultConfigurationIsVisible = 0;
			defaultConfigurationName = Release;
		};
		538A84E62A9D08CC0095F5A7 /* Build configuration list for PBXNativeTarget "transylvanian-tome" */ = {
			isa = XCConfigurationList;
			buildConfigurations = (
				538A84E72A9D08CC0095F5A7 /* Debug */,
				538A84E82A9D08CC0095F5A7 /* Release */,
			);
			defaultConfigurationIsVisible = 0;
			defaultConfigurationName = Release;
		};
/* End XCConfigurationList section */

/* Begin XCRemoteSwiftPackageReference section */
		53A9DF962A9E2F410047602C /* XCRemoteSwiftPackageReference "firebase-ios-sdk" */ = {
			isa = XCRemoteSwiftPackageReference;
			repositoryURL = "https://github.com/firebase/firebase-ios-sdk.git";
			requirement = {
				kind = upToNextMajorVersion;
				minimumVersion = 10.0.0;
			};
		};
/* End XCRemoteSwiftPackageReference section */

/* Begin XCSwiftPackageProductDependency section */
		53A9DF972A9E2F410047602C /* FirebaseAnalytics */ = {
			isa = XCSwiftPackageProductDependency;
			package = 53A9DF962A9E2F410047602C /* XCRemoteSwiftPackageReference "firebase-ios-sdk" */;
			productName = FirebaseAnalytics;
		};
		53A9DF992A9E2F410047602C /* FirebaseFirestore */ = {
			isa = XCSwiftPackageProductDependency;
			package = 53A9DF962A9E2F410047602C /* XCRemoteSwiftPackageReference "firebase-ios-sdk" */;
			productName = FirebaseFirestore;
		};
		53A9DF9B2A9E2F410047602C /* FirebaseFirestoreSwift */ = {
			isa = XCSwiftPackageProductDependency;
			package = 53A9DF962A9E2F410047602C /* XCRemoteSwiftPackageReference "firebase-ios-sdk" */;
			productName = FirebaseFirestoreSwift;
		};
/* End XCSwiftPackageProductDependency section */
	};
	rootObject = 538A84D02A9D08CC0095F5A7 /* Project object */;
}
